
Microsoft Visual Studio Solution File, Format Version 12.00
# Visual Studio Version 17
VisualStudioVersion = 17.7.34221.43
MinimumVisualStudioVersion = 10.0.40219.1
Project("{9A19103F-16F7-4668-BE54-9A1E7A4F7556}") = "ArticleAggregator", "ArticleAggregator\ArticleAggregator.csproj", "{00F3BCD1-8ECC-449B-BC96-1E4076E0A443}"
EndProject
Project("{9A19103F-16F7-4668-BE54-9A1E7A4F7556}") = "ArticleAggregator.Data", "ArticleAggregator.Data\ArticleAggregator.Data.csproj", "{57B31161-141B-42C8-B586-B1A7864EAF54}"
EndProject
Project("{9A19103F-16F7-4668-BE54-9A1E7A4F7556}") = "ArticleAggregator.Core", "ArticleAggregator.Core\ArticleAggregator.Core.csproj", "{D674AEDF-D5A4-49EB-AA4A-B7F7BEC76F25}"
EndProject
Project("{9A19103F-16F7-4668-BE54-9A1E7A4F7556}") = "ArticleAggregator.Repositories", "ArticleAggregator,Repositories\ArticleAggregator.Repositories.csproj", "{D4A730D3-4310-4FCD-9812-2DD2C46FB95C}"
EndProject
Project("{9A19103F-16F7-4668-BE54-9A1E7A4F7556}") = "ArticleAggregator.Identity", "ArticleAggregator.Identity\ArticleAggregator.Identity.csproj", "{F948C67A-7F69-4579-900F-CE446D5D2717}"
EndProject
Project("{9A19103F-16F7-4668-BE54-9A1E7A4F7556}") = "ArticleAggregator.Api", "ArticleAggregator.Api\ArticleAggregator.Api.csproj", "{551BEE5E-6A08-42FB-A640-F8775F4498E0}"
EndProject
Project("{2150E333-8FDC-42A3-9474-1A3956D46DE8}") = "BLL", "BLL", "{7109FC71-B65A-4CFA-A089-5970D9A82EA9}"
EndProject
Project("{2150E333-8FDC-42A3-9474-1A3956D46DE8}") = "ArticleAggregator.DAL", "ArticleAggregator.DAL", "{72264814-F673-4A99-87BA-18D53F62458A}"
EndProject
Project("{9A19103F-16F7-4668-BE54-9A1E7A4F7556}") = "ArticleAggregator.Services", "ArticleAggregator.Services\ArticleAggregator.Services.csproj", "{1D10E981-BCBB-41C7-AF0C-403D5C45FF2C}"
EndProject
Project("{9A19103F-16F7-4668-BE54-9A1E7A4F7556}") = "ArticleAggregator.Mapping", "ArticleAggregator.Mapping\ArticleAggregator.Mapping.csproj", "{AEAA1EE8-AB1D-4D4C-BC42-0BBDFD54A853}"
EndProject
Project("{9A19103F-16F7-4668-BE54-9A1E7A4F7556}") = "ArticleAggregator.Data.CQS", "ArticleAggregator.Data.CQS\ArticleAggregator.Data.CQS.csproj", "{D04274DC-E1AD-497E-93C3-020D6D8358E4}"
EndProject
Project("{FAE04EC0-301F-11D3-BF4B-00C04F79EFBC}") = "TextValuer", "TextValuer\TextValuer.csproj", "{4504383B-1FFD-4D65-B340-8A5526FFAD07}"
EndProject
Global
	GlobalSection(SolutionConfigurationPlatforms) = preSolution
		Debug|Any CPU = Debug|Any CPU
		Release|Any CPU = Release|Any CPU
	EndGlobalSection
	GlobalSection(ProjectConfigurationPlatforms) = postSolution
		{00F3BCD1-8ECC-449B-BC96-1E4076E0A443}.Debug|Any CPU.ActiveCfg = Debug|Any CPU
		{00F3BCD1-8ECC-449B-BC96-1E4076E0A443}.Debug|Any CPU.Build.0 = Debug|Any CPU
		{00F3BCD1-8ECC-449B-BC96-1E4076E0A443}.Release|Any CPU.ActiveCfg = Release|Any CPU
		{00F3BCD1-8ECC-449B-BC96-1E4076E0A443}.Release|Any CPU.Build.0 = Release|Any CPU
		{57B31161-141B-42C8-B586-B1A7864EAF54}.Debug|Any CPU.ActiveCfg = Debug|Any CPU
		{57B31161-141B-42C8-B586-B1A7864EAF54}.Debug|Any CPU.Build.0 = Debug|Any CPU
		{57B31161-141B-42C8-B586-B1A7864EAF54}.Release|Any CPU.ActiveCfg = Release|Any CPU
		{57B31161-141B-42C8-B586-B1A7864EAF54}.Release|Any CPU.Build.0 = Release|Any CPU
		{D674AEDF-D5A4-49EB-AA4A-B7F7BEC76F25}.Debug|Any CPU.ActiveCfg = Debug|Any CPU
		{D674AEDF-D5A4-49EB-AA4A-B7F7BEC76F25}.Debug|Any CPU.Build.0 = Debug|Any CPU
		{D674AEDF-D5A4-49EB-AA4A-B7F7BEC76F25}.Release|Any CPU.ActiveCfg = Release|Any CPU
		{D674AEDF-D5A4-49EB-AA4A-B7F7BEC76F25}.Release|Any CPU.Build.0 = Release|Any CPU
		{D4A730D3-4310-4FCD-9812-2DD2C46FB95C}.Debug|Any CPU.ActiveCfg = Debug|Any CPU
		{D4A730D3-4310-4FCD-9812-2DD2C46FB95C}.Debug|Any CPU.Build.0 = Debug|Any CPU
		{D4A730D3-4310-4FCD-9812-2DD2C46FB95C}.Release|Any CPU.ActiveCfg = Release|Any CPU
		{D4A730D3-4310-4FCD-9812-2DD2C46FB95C}.Release|Any CPU.Build.0 = Release|Any CPU
		{F948C67A-7F69-4579-900F-CE446D5D2717}.Debug|Any CPU.ActiveCfg = Debug|Any CPU
		{F948C67A-7F69-4579-900F-CE446D5D2717}.Debug|Any CPU.Build.0 = Debug|Any CPU
		{F948C67A-7F69-4579-900F-CE446D5D2717}.Release|Any CPU.ActiveCfg = Release|Any CPU
		{F948C67A-7F69-4579-900F-CE446D5D2717}.Release|Any CPU.Build.0 = Release|Any CPU
		{551BEE5E-6A08-42FB-A640-F8775F4498E0}.Debug|Any CPU.ActiveCfg = Debug|Any CPU
		{551BEE5E-6A08-42FB-A640-F8775F4498E0}.Debug|Any CPU.Build.0 = Debug|Any CPU
		{551BEE5E-6A08-42FB-A640-F8775F4498E0}.Release|Any CPU.ActiveCfg = Release|Any CPU
		{551BEE5E-6A08-42FB-A640-F8775F4498E0}.Release|Any CPU.Build.0 = Release|Any CPU
		{1D10E981-BCBB-41C7-AF0C-403D5C45FF2C}.Debug|Any CPU.ActiveCfg = Debug|Any CPU
		{1D10E981-BCBB-41C7-AF0C-403D5C45FF2C}.Debug|Any CPU.Build.0 = Debug|Any CPU
		{1D10E981-BCBB-41C7-AF0C-403D5C45FF2C}.Release|Any CPU.ActiveCfg = Release|Any CPU
		{1D10E981-BCBB-41C7-AF0C-403D5C45FF2C}.Release|Any CPU.Build.0 = Release|Any CPU
		{AEAA1EE8-AB1D-4D4C-BC42-0BBDFD54A853}.Debug|Any CPU.ActiveCfg = Debug|Any CPU
		{AEAA1EE8-AB1D-4D4C-BC42-0BBDFD54A853}.Debug|Any CPU.Build.0 = Debug|Any CPU
		{AEAA1EE8-AB1D-4D4C-BC42-0BBDFD54A853}.Release|Any CPU.ActiveCfg = Release|Any CPU
		{AEAA1EE8-AB1D-4D4C-BC42-0BBDFD54A853}.Release|Any CPU.Build.0 = Release|Any CPU
		{D04274DC-E1AD-497E-93C3-020D6D8358E4}.Debug|Any CPU.ActiveCfg = Debug|Any CPU
		{D04274DC-E1AD-497E-93C3-020D6D8358E4}.Debug|Any CPU.Build.0 = Debug|Any CPU
		{D04274DC-E1AD-497E-93C3-020D6D8358E4}.Release|Any CPU.ActiveCfg = Release|Any CPU
		{D04274DC-E1AD-497E-93C3-020D6D8358E4}.Release|Any CPU.Build.0 = Release|Any CPU
		{4504383B-1FFD-4D65-B340-8A5526FFAD07}.Debug|Any CPU.ActiveCfg = Debug|Any CPU
		{4504383B-1FFD-4D65-B340-8A5526FFAD07}.Debug|Any CPU.Build.0 = Debug|Any CPU
		{4504383B-1FFD-4D65-B340-8A5526FFAD07}.Release|Any CPU.ActiveCfg = Release|Any CPU
		{4504383B-1FFD-4D65-B340-8A5526FFAD07}.Release|Any CPU.Build.0 = Release|Any CPU
	EndGlobalSection
	GlobalSection(SolutionProperties) = preSolution
		HideSolutionNode = FALSE
	EndGlobalSection
	GlobalSection(NestedProjects) = preSolution
		{57B31161-141B-42C8-B586-B1A7864EAF54} = {72264814-F673-4A99-87BA-18D53F62458A}
		{D4A730D3-4310-4FCD-9812-2DD2C46FB95C} = {72264814-F673-4A99-87BA-18D53F62458A}
		{1D10E981-BCBB-41C7-AF0C-403D5C45FF2C} = {7109FC71-B65A-4CFA-A089-5970D9A82EA9}
		{D04274DC-E1AD-497E-93C3-020D6D8358E4} = {72264814-F673-4A99-87BA-18D53F62458A}
		{4504383B-1FFD-4D65-B340-8A5526FFAD07} = {72264814-F673-4A99-87BA-18D53F62458A}
	EndGlobalSection
	GlobalSection(ExtensibilityGlobals) = postSolution
		SolutionGuid = {A8B9AF8E-208F-4938-88DD-1F8ACDD5D1F0}
	EndGlobalSection
EndGlobal
