
Microsoft Visual Studio Solution File, Format Version 12.00
# Visual Studio Version 17
VisualStudioVersion = 17.7.34221.43
MinimumVisualStudioVersion = 10.0.40219.1
Project("{FAE04EC0-301F-11D3-BF4B-00C04F79EFBC}") = "ArticleAggregator", "ArticleAggregator\ArticleAggregator.csproj", "{00F3BCD1-8ECC-449B-BC96-1E4076E0A443}"
EndProject
Project("{FAE04EC0-301F-11D3-BF4B-00C04F79EFBC}") = "ArticleAggregator.Data", "ArticleAggregator.Data\ArticleAggregator.Data.csproj", "{57B31161-141B-42C8-B586-B1A7864EAF54}"
EndProject
Project("{FAE04EC0-301F-11D3-BF4B-00C04F79EFBC}") = "ArticleAggregator.Core", "ArticleAggregator.Core\ArticleAggregator.Core.csproj", "{D674AEDF-D5A4-49EB-AA4A-B7F7BEC76F25}"
EndProject
Project("{FAE04EC0-301F-11D3-BF4B-00C04F79EFBC}") = "ArticleAggregator.Repositories", "ArticleAggregator,Repositories\ArticleAggregator.Repositories.csproj", "{D4A730D3-4310-4FCD-9812-2DD2C46FB95C}"
EndProject
Global
	GlobalSection(SolutionConfigurationPlatforms) = preSolution
		Debug|Any CPU = Debug|Any CPU
		Release|Any CPU = Release|Any CPU
	EndGlobalSection
	GlobalSection(ProjectConfigurationPlatforms) = postSolution
		{00F3BCD1-8ECC-449B-BC96-1E4076E0A443}.Debug|Any CPU.ActiveCfg = Debug|Any CPU
		{00F3BCD1-8ECC-449B-BC96-1E4076E0A443}.Debug|Any CPU.Build.0 = Debug|Any CPU
		{00F3BCD1-8ECC-449B-BC96-1E4076E0A443}.Release|Any CPU.ActiveCfg = Release|Any CPU
		{00F3BCD1-8ECC-449B-BC96-1E4076E0A443}.Release|Any CPU.Build.0 = Release|Any CPU
		{57B31161-141B-42C8-B586-B1A7864EAF54}.Debug|Any CPU.ActiveCfg = Debug|Any CPU
		{57B31161-141B-42C8-B586-B1A7864EAF54}.Debug|Any CPU.Build.0 = Debug|Any CPU
		{57B31161-141B-42C8-B586-B1A7864EAF54}.Release|Any CPU.ActiveCfg = Release|Any CPU
		{57B31161-141B-42C8-B586-B1A7864EAF54}.Release|Any CPU.Build.0 = Release|Any CPU
		{D674AEDF-D5A4-49EB-AA4A-B7F7BEC76F25}.Debug|Any CPU.ActiveCfg = Debug|Any CPU
		{D674AEDF-D5A4-49EB-AA4A-B7F7BEC76F25}.Debug|Any CPU.Build.0 = Debug|Any CPU
		{D674AEDF-D5A4-49EB-AA4A-B7F7BEC76F25}.Release|Any CPU.ActiveCfg = Release|Any CPU
		{D674AEDF-D5A4-49EB-AA4A-B7F7BEC76F25}.Release|Any CPU.Build.0 = Release|Any CPU
		{D4A730D3-4310-4FCD-9812-2DD2C46FB95C}.Debug|Any CPU.ActiveCfg = Debug|Any CPU
		{D4A730D3-4310-4FCD-9812-2DD2C46FB95C}.Debug|Any CPU.Build.0 = Debug|Any CPU
		{D4A730D3-4310-4FCD-9812-2DD2C46FB95C}.Release|Any CPU.ActiveCfg = Release|Any CPU
		{D4A730D3-4310-4FCD-9812-2DD2C46FB95C}.Release|Any CPU.Build.0 = Release|Any CPU
	EndGlobalSection
	GlobalSection(SolutionProperties) = preSolution
		HideSolutionNode = FALSE
	EndGlobalSection
	GlobalSection(ExtensibilityGlobals) = postSolution
		SolutionGuid = {A8B9AF8E-208F-4938-88DD-1F8ACDD5D1F0}
	EndGlobalSection
EndGlobal
